// !$*UTF8*$!
{
	archiveVersion = 1;
	classes = {
	};
	objectVersion = 46;
	objects = {

/* Begin PBXBuildFile section */
		06ACCBB21D4C02C900F2DB30 /* AppDelegate.swift in Sources */ = {isa = PBXBuildFile; fileRef = 06ACCBB11D4C02C900F2DB30 /* AppDelegate.swift */; };
		06ACCBB41D4C02C900F2DB30 /* ViewController.swift in Sources */ = {isa = PBXBuildFile; fileRef = 06ACCBB31D4C02C900F2DB30 /* ViewController.swift */; };
		06ACCBB71D4C02C900F2DB30 /* Main.storyboard in Resources */ = {isa = PBXBuildFile; fileRef = 06ACCBB51D4C02C900F2DB30 /* Main.storyboard */; };
		06ACCBB91D4C02C900F2DB30 /* Assets.xcassets in Resources */ = {isa = PBXBuildFile; fileRef = 06ACCBB81D4C02C900F2DB30 /* Assets.xcassets */; };
		06ACCBBC1D4C02C900F2DB30 /* LaunchScreen.storyboard in Resources */ = {isa = PBXBuildFile; fileRef = 06ACCBBA1D4C02C900F2DB30 /* LaunchScreen.storyboard */; };
		06ACCBC71D4C02C900F2DB30 /* StrengthTrackerTests.swift in Sources */ = {isa = PBXBuildFile; fileRef = 06ACCBC61D4C02C900F2DB30 /* StrengthTrackerTests.swift */; };
/* End PBXBuildFile section */

/* Begin PBXContainerItemProxy section */
		06ACCBC31D4C02C900F2DB30 /* PBXContainerItemProxy */ = {
			isa = PBXContainerItemProxy;
			containerPortal = 06ACCBA61D4C02C800F2DB30 /* Project object */;
			proxyType = 1;
			remoteGlobalIDString = 06ACCBAD1D4C02C900F2DB30;
			remoteInfo = StrengthTracker;
		};
/* End PBXContainerItemProxy section */

/* Begin PBXFileReference section */
		06ACCBAE1D4C02C900F2DB30 /* StrengthTracker.app */ = {isa = PBXFileReference; explicitFileType = wrapper.application; includeInIndex = 0; path = StrengthTracker.app; sourceTree = BUILT_PRODUCTS_DIR; };
		06ACCBB11D4C02C900F2DB30 /* AppDelegate.swift */ = {isa = PBXFileReference; lastKnownFileType = sourcecode.swift; path = AppDelegate.swift; sourceTree = "<group>"; };
		06ACCBB31D4C02C900F2DB30 /* ViewController.swift */ = {isa = PBXFileReference; lastKnownFileType = sourcecode.swift; path = ViewController.swift; sourceTree = "<group>"; };
		06ACCBB61D4C02C900F2DB30 /* Base */ = {isa = PBXFileReference; lastKnownFileType = file.storyboard; name = Base; path = Base.lproj/Main.storyboard; sourceTree = "<group>"; };
		06ACCBB81D4C02C900F2DB30 /* Assets.xcassets */ = {isa = PBXFileReference; lastKnownFileType = folder.assetcatalog; path = Assets.xcassets; sourceTree = "<group>"; };
		06ACCBBB1D4C02C900F2DB30 /* Base */ = {isa = PBXFileReference; lastKnownFileType = file.storyboard; name = Base; path = Base.lproj/LaunchScreen.storyboard; sourceTree = "<group>"; };
		06ACCBBD1D4C02C900F2DB30 /* Info.plist */ = {isa = PBXFileReference; lastKnownFileType = text.plist.xml; path = Info.plist; sourceTree = "<group>"; };
		06ACCBC21D4C02C900F2DB30 /* StrengthTrackerTests.xctest */ = {isa = PBXFileReference; explicitFileType = wrapper.cfbundle; includeInIndex = 0; path = StrengthTrackerTests.xctest; sourceTree = BUILT_PRODUCTS_DIR; };
		06ACCBC61D4C02C900F2DB30 /* StrengthTrackerTests.swift */ = {isa = PBXFileReference; lastKnownFileType = sourcecode.swift; path = StrengthTrackerTests.swift; sourceTree = "<group>"; };
		06ACCBC81D4C02C900F2DB30 /* Info.plist */ = {isa = PBXFileReference; lastKnownFileType = text.plist.xml; path = Info.plist; sourceTree = "<group>"; };
/* End PBXFileReference section */

/* Begin PBXFrameworksBuildPhase section */
		06ACCBAB1D4C02C900F2DB30 /* Frameworks */ = {
			isa = PBXFrameworksBuildPhase;
			buildActionMask = 2147483647;
			files = (
			);
			runOnlyForDeploymentPostprocessing = 0;
		};
		06ACCBBF1D4C02C900F2DB30 /* Frameworks */ = {
			isa = PBXFrameworksBuildPhase;
			buildActionMask = 2147483647;
			files = (
			);
			runOnlyForDeploymentPostprocessing = 0;
		};
/* End PBXFrameworksBuildPhase section */

/* Begin PBXGroup section */
		06ACCBA51D4C02C800F2DB30 = {
			isa = PBXGroup;
			children = (
				06ACCBB01D4C02C900F2DB30 /* StrengthTracker */,
				06ACCBC51D4C02C900F2DB30 /* StrengthTrackerTests */,
				06ACCBAF1D4C02C900F2DB30 /* Products */,
			);
			sourceTree = "<group>";
		};
		06ACCBAF1D4C02C900F2DB30 /* Products */ = {
			isa = PBXGroup;
			children = (
				06ACCBAE1D4C02C900F2DB30 /* StrengthTracker.app */,
				06ACCBC21D4C02C900F2DB30 /* StrengthTrackerTests.xctest */,
			);
			name = Products;
			sourceTree = "<group>";
		};
		06ACCBB01D4C02C900F2DB30 /* StrengthTracker */ = {
			isa = PBXGroup;
			children = (
				06ACCBB11D4C02C900F2DB30 /* AppDelegate.swift */,
				06ACCBB31D4C02C900F2DB30 /* ViewController.swift */,
				06ACCBB51D4C02C900F2DB30 /* Main.storyboard */,
				06ACCBB81D4C02C900F2DB30 /* Assets.xcassets */,
				06ACCBBA1D4C02C900F2DB30 /* LaunchScreen.storyboard */,
				06ACCBBD1D4C02C900F2DB30 /* Info.plist */,
			);
			path = StrengthTracker;
			sourceTree = "<group>";
		};
		06ACCBC51D4C02C900F2DB30 /* StrengthTrackerTests */ = {
			isa = PBXGroup;
			children = (
				06ACCBC61D4C02C900F2DB30 /* StrengthTrackerTests.swift */,
				06ACCBC81D4C02C900F2DB30 /* Info.plist */,
			);
			path = StrengthTrackerTests;
			sourceTree = "<group>";
		};
/* End PBXGroup section */

/* Begin PBXNativeTarget section */
		06ACCBAD1D4C02C900F2DB30 /* StrengthTracker */ = {
			isa = PBXNativeTarget;
			buildConfigurationList = 06ACCBCB1D4C02C900F2DB30 /* Build configuration list for PBXNativeTarget "StrengthTracker" */;
			buildPhases = (
				06ACCBAA1D4C02C900F2DB30 /* Sources */,
				06ACCBAB1D4C02C900F2DB30 /* Frameworks */,
				06ACCBAC1D4C02C900F2DB30 /* Resources */,
			);
			buildRules = (
			);
			dependencies = (
			);
			name = StrengthTracker;
			productName = StrengthTracker;
			productReference = 06ACCBAE1D4C02C900F2DB30 /* StrengthTracker.app */;
			productType = "com.apple.product-type.application";
		};
		06ACCBC11D4C02C900F2DB30 /* StrengthTrackerTests */ = {
			isa = PBXNativeTarget;
			buildConfigurationList = 06ACCBCE1D4C02C900F2DB30 /* Build configuration list for PBXNativeTarget "StrengthTrackerTests" */;
			buildPhases = (
				06ACCBBE1D4C02C900F2DB30 /* Sources */,
				06ACCBBF1D4C02C900F2DB30 /* Frameworks */,
				06ACCBC01D4C02C900F2DB30 /* Resources */,
			);
			buildRules = (
			);
			dependencies = (
				06ACCBC41D4C02C900F2DB30 /* PBXTargetDependency */,
			);
			name = StrengthTrackerTests;
			productName = StrengthTrackerTests;
			productReference = 06ACCBC21D4C02C900F2DB30 /* StrengthTrackerTests.xctest */;
			productType = "com.apple.product-type.bundle.unit-test";
		};
/* End PBXNativeTarget section */

/* Begin PBXProject section */
		06ACCBA61D4C02C800F2DB30 /* Project object */ = {
			isa = PBXProject;
			attributes = {
				LastSwiftUpdateCheck = 0730;
				LastUpgradeCheck = 0730;
				ORGANIZATIONNAME = "Brian Sakhuja";
				TargetAttributes = {
					06ACCBAD1D4C02C900F2DB30 = {
						CreatedOnToolsVersion = 7.3.1;
					};
					06ACCBC11D4C02C900F2DB30 = {
						CreatedOnToolsVersion = 7.3.1;
						TestTargetID = 06ACCBAD1D4C02C900F2DB30;
					};
				};
			};
			buildConfigurationList = 06ACCBA91D4C02C800F2DB30 /* Build configuration list for PBXProject "StrengthTracker" */;
			compatibilityVersion = "Xcode 3.2";
			developmentRegion = English;
			hasScannedForEncodings = 0;
			knownRegions = (
				en,
				Base,
			);
			mainGroup = 06ACCBA51D4C02C800F2DB30;
			productRefGroup = 06ACCBAF1D4C02C900F2DB30 /* Products */;
			projectDirPath = "";
			projectRoot = "";
			targets = (
				06ACCBAD1D4C02C900F2DB30 /* StrengthTracker */,
				06ACCBC11D4C02C900F2DB30 /* StrengthTrackerTests */,
			);
		};
/* End PBXProject section */

/* Begin PBXResourcesBuildPhase section */
		06ACCBAC1D4C02C900F2DB30 /* Resources */ = {
			isa = PBXResourcesBuildPhase;
			buildActionMask = 2147483647;
			files = (
				06ACCBBC1D4C02C900F2DB30 /* LaunchScreen.storyboard in Resources */,
				06ACCBB91D4C02C900F2DB30 /* Assets.xcassets in Resources */,
				06ACCBB71D4C02C900F2DB30 /* Main.storyboard in Resources */,
			);
			runOnlyForDeploymentPostprocessing = 0;
		};
		06ACCBC01D4C02C900F2DB30 /* Resources */ = {
			isa = PBXResourcesBuildPhase;
			buildActionMask = 2147483647;
			files = (
			);
			runOnlyForDeploymentPostprocessing = 0;
		};
/* End PBXResourcesBuildPhase section */

/* Begin PBXSourcesBuildPhase section */
		06ACCBAA1D4C02C900F2DB30 /* Sources */ = {
			isa = PBXSourcesBuildPhase;
			buildActionMask = 2147483647;
			files = (
				06ACCBB41D4C02C900F2DB30 /* ViewController.swift in Sources */,
				06ACCBB21D4C02C900F2DB30 /* AppDelegate.swift in Sources */,
			);
			runOnlyForDeploymentPostprocessing = 0;
		};
		06ACCBBE1D4C02C900F2DB30 /* Sources */ = {
			isa = PBXSourcesBuildPhase;
			buildActionMask = 2147483647;
			files = (
				06ACCBC71D4C02C900F2DB30 /* StrengthTrackerTests.swift in Sources */,
			);
			runOnlyForDeploymentPostprocessing = 0;
		};
/* End PBXSourcesBuildPhase section */

/* Begin PBXTargetDependency section */
		06ACCBC41D4C02C900F2DB30 /* PBXTargetDependency */ = {
			isa = PBXTargetDependency;
			target = 06ACCBAD1D4C02C900F2DB30 /* StrengthTracker */;
			targetProxy = 06ACCBC31D4C02C900F2DB30 /* PBXContainerItemProxy */;
		};
/* End PBXTargetDependency section */

/* Begin PBXVariantGroup section */
		06ACCBB51D4C02C900F2DB30 /* Main.storyboard */ = {
			isa = PBXVariantGroup;
			children = (
				06ACCBB61D4C02C900F2DB30 /* Base */,
			);
			name = Main.storyboard;
			sourceTree = "<group>";
		};
		06ACCBBA1D4C02C900F2DB30 /* LaunchScreen.storyboard */ = {
			isa = PBXVariantGroup;
			children = (
				06ACCBBB1D4C02C900F2DB30 /* Base */,
			);
			name = LaunchScreen.storyboard;
			sourceTree = "<group>";
		};
/* End PBXVariantGroup section */

/* Begin XCBuildConfiguration section */
		06ACCBC91D4C02C900F2DB30 /* Debug */ = {
			isa = XCBuildConfiguration;
			buildSettings = {
				ALWAYS_SEARCH_USER_PATHS = NO;
				CLANG_ANALYZER_NONNULL = YES;
				CLANG_CXX_LANGUAGE_STANDARD = "gnu++0x";
				CLANG_CXX_LIBRARY = "libc++";
				CLANG_ENABLE_MODULES = YES;
				CLANG_ENABLE_OBJC_ARC = YES;
				CLANG_WARN_BOOL_CONVERSION = YES;
				CLANG_WARN_CONSTANT_CONVERSION = YES;
				CLANG_WARN_DIRECT_OBJC_ISA_USAGE = YES_ERROR;
				CLANG_WARN_EMPTY_BODY = YES;
				CLANG_WARN_ENUM_CONVERSION = YES;
				CLANG_WARN_INT_CONVERSION = YES;
				CLANG_WARN_OBJC_ROOT_CLASS = YES_ERROR;
				CLANG_WARN_UNREACHABLE_CODE = YES;
				CLANG_WARN__DUPLICATE_METHOD_MATCH = YES;
				"CODE_SIGN_IDENTITY[sdk=iphoneos*]" = "iPhone Developer";
				COPY_PHASE_STRIP = NO;
				DEBUG_INFORMATION_FORMAT = dwarf;
				ENABLE_STRICT_OBJC_MSGSEND = YES;
				ENABLE_TESTABILITY = YES;
				GCC_C_LANGUAGE_STANDARD = gnu99;
				GCC_DYNAMIC_NO_PIC = NO;
				GCC_NO_COMMON_BLOCKS = YES;
				GCC_OPTIMIZATION_LEVEL = 0;
				GCC_PREPROCESSOR_DEFINITIONS = (
					"DEBUG=1",
					"$(inherited)",
				);
				GCC_WARN_64_TO_32_BIT_CONVERSION = YES;
				GCC_WARN_ABOUT_RETURN_TYPE = YES_ERROR;
				GCC_WARN_UNDECLARED_SELECTOR = YES;
				GCC_WARN_UNINITIALIZED_AUTOS = YES_AGGRESSIVE;
				GCC_WARN_UNUSED_FUNCTION = YES;
				GCC_WARN_UNUSED_VARIABLE = YES;
				IPHONEOS_DEPLOYMENT_TARGET = 9.3;
				MTL_ENABLE_DEBUG_INFO = YES;
				ONLY_ACTIVE_ARCH = YES;
				SDKROOT = iphoneos;
				SWIFT_OPTIMIZATION_LEVEL = "-Onone";
				TARGETED_DEVICE_FAMILY = "1,2";
			};
			name = Debug;
		};
		06ACCBCA1D4C02C900F2DB30 /* Release */ = {
			isa = XCBuildConfiguration;
			buildSettings = {
				ALWAYS_SEARCH_USER_PATHS = NO;
				CLANG_ANALYZER_NONNULL = YES;
				CLANG_CXX_LANGUAGE_STANDARD = "gnu++0x";
				CLANG_CXX_LIBRARY = "libc++";
				CLANG_ENABLE_MODULES = YES;
				CLANG_ENABLE_OBJC_ARC = YES;
				CLANG_WARN_BOOL_CONVERSION = YES;
				CLANG_WARN_CONSTANT_CONVERSION = YES;
				CLANG_WARN_DIRECT_OBJC_ISA_USAGE = YES_ERROR;
				CLANG_WARN_EMPTY_BODY = YES;
				CLANG_WARN_ENUM_CONVERSION = YES;
				CLANG_WARN_INT_CONVERSION = YES;
				CLANG_WARN_OBJC_ROOT_CLASS = YES_ERROR;
				CLANG_WARN_UNREACHABLE_CODE = YES;
				CLANG_WARN__DUPLICATE_METHOD_MATCH = YES;
				"CODE_SIGN_IDENTITY[sdk=iphoneos*]" = "iPhone Developer";
				COPY_PHASE_STRIP = NO;
				DEBUG_INFORMATION_FORMAT = "dwarf-with-dsym";
				ENABLE_NS_ASSERTIONS = NO;
				ENABLE_STRICT_OBJC_MSGSEND = YES;
				GCC_C_LANGUAGE_STANDARD = gnu99;
				GCC_NO_COMMON_BLOCKS = YES;
				GCC_WARN_64_TO_32_BIT_CONVERSION = YES;
				GCC_WARN_ABOUT_RETURN_TYPE = YES_ERROR;
				GCC_WARN_UNDECLARED_SELECTOR = YES;
				GCC_WARN_UNINITIALIZED_AUTOS = YES_AGGRESSIVE;
				GCC_WARN_UNUSED_FUNCTION = YES;
				GCC_WARN_UNUSED_VARIABLE = YES;
				IPHONEOS_DEPLOYMENT_TARGET = 9.3;
				MTL_ENABLE_DEBUG_INFO = NO;
				SDKROOT = iphoneos;
				TARGETED_DEVICE_FAMILY = "1,2";
				VALIDATE_PRODUCT = YES;
			};
			name = Release;
		};
		06ACCBCC1D4C02C900F2DB30 /* Debug */ = {
			isa = XCBuildConfiguration;
			buildSettings = {
				ASSETCATALOG_COMPILER_APPICON_NAME = AppIcon;
				INFOPLIST_FILE = StrengthTracker/Info.plist;
				LD_RUNPATH_SEARCH_PATHS = "$(inherited) @executable_path/Frameworks";
				PRODUCT_BUNDLE_IDENTIFIER = com.bsakhuja.StrengthTracker;
				PRODUCT_NAME = "$(TARGET_NAME)";
			};
			name = Debug;
		};
		06ACCBCD1D4C02C900F2DB30 /* Release */ = {
			isa = XCBuildConfiguration;
			buildSettings = {
				ASSETCATALOG_COMPILER_APPICON_NAME = AppIcon;
				INFOPLIST_FILE = StrengthTracker/Info.plist;
				LD_RUNPATH_SEARCH_PATHS = "$(inherited) @executable_path/Frameworks";
				PRODUCT_BUNDLE_IDENTIFIER = com.bsakhuja.StrengthTracker;
				PRODUCT_NAME = "$(TARGET_NAME)";
			};
			name = Release;
		};
		06ACCBCF1D4C02C900F2DB30 /* Debug */ = {
			isa = XCBuildConfiguration;
			buildSettings = {
				BUNDLE_LOADER = "$(TEST_HOST)";
				INFOPLIST_FILE = StrengthTrackerTests/Info.plist;
				LD_RUNPATH_SEARCH_PATHS = "$(inherited) @executable_path/Frameworks @loader_path/Frameworks";
				PRODUCT_BUNDLE_IDENTIFIER = com.bsakhuja.StrengthTrackerTests;
				PRODUCT_NAME = "$(TARGET_NAME)";
				TEST_HOST = "$(BUILT_PRODUCTS_DIR)/StrengthTracker.app/StrengthTracker";
			};
			name = Debug;
		};
		06ACCBD01D4C02C900F2DB30 /* Release */ = {
			isa = XCBuildConfiguration;
			buildSettings = {
				BUNDLE_LOADER = "$(TEST_HOST)";
				INFOPLIST_FILE = StrengthTrackerTests/Info.plist;
				LD_RUNPATH_SEARCH_PATHS = "$(inherited) @executable_path/Frameworks @loader_path/Frameworks";
				PRODUCT_BUNDLE_IDENTIFIER = com.bsakhuja.StrengthTrackerTests;
				PRODUCT_NAME = "$(TARGET_NAME)";
				TEST_HOST = "$(BUILT_PRODUCTS_DIR)/StrengthTracker.app/StrengthTracker";
			};
			name = Release;
		};
/* End XCBuildConfiguration section */

/* Begin XCConfigurationList section */
		06ACCBA91D4C02C800F2DB30 /* Build configuration list for PBXProject "StrengthTracker" */ = {
			isa = XCConfigurationList;
			buildConfigurations = (
				06ACCBC91D4C02C900F2DB30 /* Debug */,
				06ACCBCA1D4C02C900F2DB30 /* Release */,
			);
			defaultConfigurationIsVisible = 0;
			defaultConfigurationName = Release;
		};
		06ACCBCB1D4C02C900F2DB30 /* Build configuration list for PBXNativeTarget "StrengthTracker" */ = {
			isa = XCConfigurationList;
			buildConfigurations = (
				06ACCBCC1D4C02C900F2DB30 /* Debug */,
				06ACCBCD1D4C02C900F2DB30 /* Release */,
			);
			defaultConfigurationIsVisible = 0;
		};
		06ACCBCE1D4C02C900F2DB30 /* Build configuration list for PBXNativeTarget "StrengthTrackerTests" */ = {
			isa = XCConfigurationList;
			buildConfigurations = (
				06ACCBCF1D4C02C900F2DB30 /* Debug */,
				06ACCBD01D4C02C900F2DB30 /* Release */,
			);
			defaultConfigurationIsVisible = 0;
		};
/* End XCConfigurationList section */
	};
	rootObject = 06ACCBA61D4C02C800F2DB30 /* Project object */;
}
